// !$*UTF8*$!
{
	archiveVersion = 1;
	classes = {
	};
	objectVersion = 51;
	objects = {

/* Begin PBXBuildFile section */
		0912E367244CE36C001FEC20 /* FriendsPhotosLayouts.swift in Sources */ = {isa = PBXBuildFile; fileRef = 0912E366244CE36C001FEC20 /* FriendsPhotosLayouts.swift */; };
		0924EF5924511032003EAB35 /* RotationAnimator.swift in Sources */ = {isa = PBXBuildFile; fileRef = 0924EF5824511032003EAB35 /* RotationAnimator.swift */; };
		0924EF5B2451B5D2003EAB35 /* CustomSwipeCloseTrans.swift in Sources */ = {isa = PBXBuildFile; fileRef = 0924EF5A2451B5D2003EAB35 /* CustomSwipeCloseTrans.swift */; };
		09372F1F24337F31009388FA /* FriendsTableViewController.swift in Sources */ = {isa = PBXBuildFile; fileRef = 09372F1E24337F31009388FA /* FriendsTableViewController.swift */; };
		0944FF032435E4AE001918FB /* GroupsTableViewController.swift in Sources */ = {isa = PBXBuildFile; fileRef = 0944FF022435E4AE001918FB /* GroupsTableViewController.swift */; };
		0944FF052435EA2C001918FB /* GroupsViewCell.swift in Sources */ = {isa = PBXBuildFile; fileRef = 0944FF042435EA2C001918FB /* GroupsViewCell.swift */; };
		0944FF0A2435F0FE001918FB /* AllGroupsTableViewCell.swift in Sources */ = {isa = PBXBuildFile; fileRef = 0944FF092435F0FE001918FB /* AllGroupsTableViewCell.swift */; };
		0944FF0C2435F128001918FB /* AllGroupsTableVC.swift in Sources */ = {isa = PBXBuildFile; fileRef = 0944FF0B2435F128001918FB /* AllGroupsTableVC.swift */; };
		0944FF122435FC93001918FB /* GroupItem.swift in Sources */ = {isa = PBXBuildFile; fileRef = 0944FF112435FC93001918FB /* GroupItem.swift */; };
		0944FF162436087A001918FB /* FriendsCollectionViewController.swift in Sources */ = {isa = PBXBuildFile; fileRef = 0944FF152436087A001918FB /* FriendsCollectionViewController.swift */; };
		094D5384244498D500387523 /* FriendItem.swift in Sources */ = {isa = PBXBuildFile; fileRef = 094D5383244498D500387523 /* FriendItem.swift */; };
		09805C442440631700926BF9 /* Main.storyboard in Resources */ = {isa = PBXBuildFile; fileRef = 09805C422440631700926BF9 /* Main.storyboard */; };
		09805C47244063E300926BF9 /* Groups.storyboard in Resources */ = {isa = PBXBuildFile; fileRef = 09805C46244063E300926BF9 /* Groups.storyboard */; };
		09805C4B2441F4D500926BF9 /* Friends.storyboard in Resources */ = {isa = PBXBuildFile; fileRef = 09805C4A2441F4D500926BF9 /* Friends.storyboard */; };
		09805C522442194B00926BF9 /* ImageRoundedShadowed.swift in Sources */ = {isa = PBXBuildFile; fileRef = 09805C512442194B00926BF9 /* ImageRoundedShadowed.swift */; };
		09997FCA2432B1E6003891DA /* AppDelegate.swift in Sources */ = {isa = PBXBuildFile; fileRef = 09997FC92432B1E6003891DA /* AppDelegate.swift */; };
		09997FCC2432B1E6003891DA /* SceneDelegate.swift in Sources */ = {isa = PBXBuildFile; fileRef = 09997FCB2432B1E6003891DA /* SceneDelegate.swift */; };
		09997FD12432B1E6003891DA /* MainScreen.storyboard in Resources */ = {isa = PBXBuildFile; fileRef = 09997FCF2432B1E6003891DA /* MainScreen.storyboard */; };
		09997FD42432B1E6003891DA /* notVK.xcdatamodeld in Sources */ = {isa = PBXBuildFile; fileRef = 09997FD22432B1E6003891DA /* notVK.xcdatamodeld */; };
		09997FD62432B1ED003891DA /* Assets.xcassets in Resources */ = {isa = PBXBuildFile; fileRef = 09997FD52432B1ED003891DA /* Assets.xcassets */; };
		09997FD92432B1ED003891DA /* LaunchScreen.storyboard in Resources */ = {isa = PBXBuildFile; fileRef = 09997FD72432B1ED003891DA /* LaunchScreen.storyboard */; };
		09A7D56924363098003B3881 /* FriendsTableViewCell.swift in Sources */ = {isa = PBXBuildFile; fileRef = 09A7D56824363098003B3881 /* FriendsTableViewCell.swift */; };
		09A879DD243A6CF900FF7C06 /* FindFriendsTableVC.swift in Sources */ = {isa = PBXBuildFile; fileRef = 09A879DC243A6CF900FF7C06 /* FindFriendsTableVC.swift */; };
		09A879DF243A76FC00FF7C06 /* FindFriendsTableViewCell.swift in Sources */ = {isa = PBXBuildFile; fileRef = 09A879DE243A76FC00FF7C06 /* FindFriendsTableViewCell.swift */; };
		09EE39A82438237D00E5326B /* FriendsCollectionViewCell.swift in Sources */ = {isa = PBXBuildFile; fileRef = 09EE39A72438237C00E5326B /* FriendsCollectionViewCell.swift */; };
		6E319EC53F671C502DE4C221 /* Pods_notVK.framework in Frameworks */ = {isa = PBXBuildFile; fileRef = E39DCB62CE468E7C040C1C66 /* Pods_notVK.framework */; };
		841A924E24AB5178006DB312 /* NewsResponseNews.swift in Sources */ = {isa = PBXBuildFile; fileRef = 841A924D24AB5178006DB312 /* NewsResponseNews.swift */; };
		841A925024AB5192006DB312 /* NewsItem.swift in Sources */ = {isa = PBXBuildFile; fileRef = 841A924F24AB5192006DB312 /* NewsItem.swift */; };
		841A925224AB51A6006DB312 /* NewsAttachment.swift in Sources */ = {isa = PBXBuildFile; fileRef = 841A925124AB51A6006DB312 /* NewsAttachment.swift */; };
		841A925424AB51B5006DB312 /* NewsLink.swift in Sources */ = {isa = PBXBuildFile; fileRef = 841A925324AB51B5006DB312 /* NewsLink.swift */; };
		841A925624AB51C3006DB312 /* NewsVideo.swift in Sources */ = {isa = PBXBuildFile; fileRef = 841A925524AB51C3006DB312 /* NewsVideo.swift */; };
		841A925824AB5314006DB312 /* NewsFirstFrame.swift in Sources */ = {isa = PBXBuildFile; fileRef = 841A925724AB5314006DB312 /* NewsFirstFrame.swift */; };
		841A925A24AB5320006DB312 /* NewsComments.swift in Sources */ = {isa = PBXBuildFile; fileRef = 841A925924AB5320006DB312 /* NewsComments.swift */; };
		841A925C24AB5331006DB312 /* NewsLikesNews.swift in Sources */ = {isa = PBXBuildFile; fileRef = 841A925B24AB5331006DB312 /* NewsLikesNews.swift */; };
		841A925E24AB533E006DB312 /* NewsRepostsNews.swift in Sources */ = {isa = PBXBuildFile; fileRef = 841A925D24AB533E006DB312 /* NewsRepostsNews.swift */; };
		841A926024AB534D006DB312 /* NewsViews.swift in Sources */ = {isa = PBXBuildFile; fileRef = 841A925F24AB534D006DB312 /* NewsViews.swift */; };
		841A926224AB535B006DB312 /* NewsOnlineInfo.swift in Sources */ = {isa = PBXBuildFile; fileRef = 841A926124AB535B006DB312 /* NewsOnlineInfo.swift */; };
		841A926524ADDFB0006DB312 /* GroupList.swift in Sources */ = {isa = PBXBuildFile; fileRef = 841A926424ADDFB0006DB312 /* GroupList.swift */; };
		841A926724ADE010006DB312 /* GroupResponse.swift in Sources */ = {isa = PBXBuildFile; fileRef = 841A926624ADE010006DB312 /* GroupResponse.swift */; };
		841A926A24AF1CBA006DB312 /* FriendResponse.swift in Sources */ = {isa = PBXBuildFile; fileRef = 841A926924AF1CBA006DB312 /* FriendResponse.swift */; };
		841A926C24AF1CE3006DB312 /* FriendList.swift in Sources */ = {isa = PBXBuildFile; fileRef = 841A926B24AF1CE3006DB312 /* FriendList.swift */; };
		841A927724B74A9F006DB312 /* Sizes.swift in Sources */ = {isa = PBXBuildFile; fileRef = 841A927624B74A9F006DB312 /* Sizes.swift */; };
		841A927924B74AC2006DB312 /* PhotoList.swift in Sources */ = {isa = PBXBuildFile; fileRef = 841A927824B74AC2006DB312 /* PhotoList.swift */; };
		841A927B24B74B02006DB312 /* PhotoResponse.swift in Sources */ = {isa = PBXBuildFile; fileRef = 841A927A24B74B02006DB312 /* PhotoResponse.swift */; };
		8440DA7D24729A9200A72D9B /* PhotoItems.swift in Sources */ = {isa = PBXBuildFile; fileRef = 8440DA7C24729A9200A72D9B /* PhotoItems.swift */; };
		8440DA7F247D2E8E00A72D9B /* RealmRequestService.swift in Sources */ = {isa = PBXBuildFile; fileRef = 8440DA7E247D2E8E00A72D9B /* RealmRequestService.swift */; };
		845DAB5E246D6974003439FD /* LoginWKViewController.swift in Sources */ = {isa = PBXBuildFile; fileRef = 845DAB5D246D6974003439FD /* LoginWKViewController.swift */; };
		845DAB60246D70D2003439FD /* Session.swift in Sources */ = {isa = PBXBuildFile; fileRef = 845DAB5F246D70D2003439FD /* Session.swift */; };
		845DAB63246D74B7003439FD /* WebKit.framework in Frameworks */ = {isa = PBXBuildFile; fileRef = 845DAB62246D74B7003439FD /* WebKit.framework */; };
		845DAB65246D7661003439FD /* VKRequestService.swift in Sources */ = {isa = PBXBuildFile; fileRef = 845DAB64246D7661003439FD /* VKRequestService.swift */; };
		845DAB67246D78E4003439FD /* VKDataSelector.swift in Sources */ = {isa = PBXBuildFile; fileRef = 845DAB66246D78E4003439FD /* VKDataSelector.swift */; };
		8481EBF224A0DAA500ABC2C0 /* NewsTableViewController.swift in Sources */ = {isa = PBXBuildFile; fileRef = 8481EBF124A0DAA500ABC2C0 /* NewsTableViewController.swift */; };
		8481EBF424A0DB4500ABC2C0 /* NewsItems.swift in Sources */ = {isa = PBXBuildFile; fileRef = 8481EBF324A0DB4500ABC2C0 /* NewsItems.swift */; };
		8481EBF624A0E86500ABC2C0 /* DateFormatter.swift in Sources */ = {isa = PBXBuildFile; fileRef = 8481EBF524A0E86500ABC2C0 /* DateFormatter.swift */; };
		8481EBFF24A0F20200ABC2C0 /* ImageService.swift in Sources */ = {isa = PBXBuildFile; fileRef = 8481EBFE24A0F20200ABC2C0 /* ImageService.swift */; };
		8481EC0124A0F44E00ABC2C0 /* LikeControl.swift in Sources */ = {isa = PBXBuildFile; fileRef = 8481EC0024A0F44E00ABC2C0 /* LikeControl.swift */; };
		8481EC0424A4905900ABC2C0 /* VKNewsService.swift in Sources */ = {isa = PBXBuildFile; fileRef = 8481EC0324A4905900ABC2C0 /* VKNewsService.swift */; };
		8481EC0C24BC93A000ABC2C0 /* NewsScreen.storyboard in Resources */ = {isa = PBXBuildFile; fileRef = 8481EC0B24BC93A000ABC2C0 /* NewsScreen.storyboard */; };
		8481EC0F24BC94E100ABC2C0 /* AsyncOperation.swift in Sources */ = {isa = PBXBuildFile; fileRef = 8481EC0E24BC94E100ABC2C0 /* AsyncOperation.swift */; };
		84962F6D2461F4DB007F1232 /* CustomSectionDesign.swift in Sources */ = {isa = PBXBuildFile; fileRef = 84962F6C2461F4DB007F1232 /* CustomSectionDesign.swift */; };
/* End PBXBuildFile section */

/* Begin PBXFileReference section */
		050DCFCCAC3995B0BB58C50F /* Pods-notVK.release.xcconfig */ = {isa = PBXFileReference; includeInIndex = 1; lastKnownFileType = text.xcconfig; name = "Pods-notVK.release.xcconfig"; path = "Target Support Files/Pods-notVK/Pods-notVK.release.xcconfig"; sourceTree = "<group>"; };
		0912E366244CE36C001FEC20 /* FriendsPhotosLayouts.swift */ = {isa = PBXFileReference; lastKnownFileType = sourcecode.swift; path = FriendsPhotosLayouts.swift; sourceTree = "<group>"; };
		0924EF5824511032003EAB35 /* RotationAnimator.swift */ = {isa = PBXFileReference; lastKnownFileType = sourcecode.swift; path = RotationAnimator.swift; sourceTree = "<group>"; };
		0924EF5A2451B5D2003EAB35 /* CustomSwipeCloseTrans.swift */ = {isa = PBXFileReference; lastKnownFileType = sourcecode.swift; path = CustomSwipeCloseTrans.swift; sourceTree = "<group>"; };
		09372F1E24337F31009388FA /* FriendsTableViewController.swift */ = {isa = PBXFileReference; lastKnownFileType = sourcecode.swift; path = FriendsTableViewController.swift; sourceTree = "<group>"; };
		0944FF022435E4AE001918FB /* GroupsTableViewController.swift */ = {isa = PBXFileReference; lastKnownFileType = sourcecode.swift; path = GroupsTableViewController.swift; sourceTree = "<group>"; };
		0944FF042435EA2C001918FB /* GroupsViewCell.swift */ = {isa = PBXFileReference; lastKnownFileType = sourcecode.swift; path = GroupsViewCell.swift; sourceTree = "<group>"; };
		0944FF092435F0FE001918FB /* AllGroupsTableViewCell.swift */ = {isa = PBXFileReference; lastKnownFileType = sourcecode.swift; path = AllGroupsTableViewCell.swift; sourceTree = "<group>"; };
		0944FF0B2435F128001918FB /* AllGroupsTableVC.swift */ = {isa = PBXFileReference; lastKnownFileType = sourcecode.swift; path = AllGroupsTableVC.swift; sourceTree = "<group>"; };
		0944FF112435FC93001918FB /* GroupItem.swift */ = {isa = PBXFileReference; lastKnownFileType = sourcecode.swift; path = GroupItem.swift; sourceTree = "<group>"; };
		0944FF152436087A001918FB /* FriendsCollectionViewController.swift */ = {isa = PBXFileReference; lastKnownFileType = sourcecode.swift; path = FriendsCollectionViewController.swift; sourceTree = "<group>"; };
		094D5383244498D500387523 /* FriendItem.swift */ = {isa = PBXFileReference; lastKnownFileType = sourcecode.swift; path = FriendItem.swift; sourceTree = "<group>"; };
		09805C432440631700926BF9 /* Base */ = {isa = PBXFileReference; lastKnownFileType = file.storyboard; name = Base; path = notVK/Storyboards/Base.lproj/Main.storyboard; sourceTree = "<group>"; };
		09805C46244063E300926BF9 /* Groups.storyboard */ = {isa = PBXFileReference; fileEncoding = 4; lastKnownFileType = file.storyboard; path = Groups.storyboard; sourceTree = "<group>"; };
		09805C4A2441F4D500926BF9 /* Friends.storyboard */ = {isa = PBXFileReference; fileEncoding = 4; lastKnownFileType = file.storyboard; path = Friends.storyboard; sourceTree = "<group>"; };
		09805C512442194B00926BF9 /* ImageRoundedShadowed.swift */ = {isa = PBXFileReference; lastKnownFileType = sourcecode.swift; path = ImageRoundedShadowed.swift; sourceTree = "<group>"; };
		09997FC62432B1E6003891DA /* notVK.app */ = {isa = PBXFileReference; explicitFileType = wrapper.application; includeInIndex = 0; path = notVK.app; sourceTree = BUILT_PRODUCTS_DIR; };
		09997FC92432B1E6003891DA /* AppDelegate.swift */ = {isa = PBXFileReference; lastKnownFileType = sourcecode.swift; path = AppDelegate.swift; sourceTree = "<group>"; };
		09997FCB2432B1E6003891DA /* SceneDelegate.swift */ = {isa = PBXFileReference; lastKnownFileType = sourcecode.swift; path = SceneDelegate.swift; sourceTree = "<group>"; };
		09997FD02432B1E6003891DA /* Base */ = {isa = PBXFileReference; lastKnownFileType = file.storyboard; name = Base; path = Base.lproj/MainScreen.storyboard; sourceTree = "<group>"; };
		09997FD32432B1E6003891DA /* notVK.xcdatamodel */ = {isa = PBXFileReference; lastKnownFileType = wrapper.xcdatamodel; path = notVK.xcdatamodel; sourceTree = "<group>"; };
		09997FD52432B1ED003891DA /* Assets.xcassets */ = {isa = PBXFileReference; lastKnownFileType = folder.assetcatalog; path = Assets.xcassets; sourceTree = "<group>"; };
		09997FD82432B1ED003891DA /* Base */ = {isa = PBXFileReference; lastKnownFileType = file.storyboard; name = Base; path = Base.lproj/LaunchScreen.storyboard; sourceTree = "<group>"; };
		09997FDA2432B1ED003891DA /* Info.plist */ = {isa = PBXFileReference; lastKnownFileType = text.plist.xml; path = Info.plist; sourceTree = "<group>"; };
		09A7D56824363098003B3881 /* FriendsTableViewCell.swift */ = {isa = PBXFileReference; lastKnownFileType = sourcecode.swift; path = FriendsTableViewCell.swift; sourceTree = "<group>"; };
		09A879DC243A6CF900FF7C06 /* FindFriendsTableVC.swift */ = {isa = PBXFileReference; lastKnownFileType = sourcecode.swift; path = FindFriendsTableVC.swift; sourceTree = "<group>"; };
		09A879DE243A76FC00FF7C06 /* FindFriendsTableViewCell.swift */ = {isa = PBXFileReference; lastKnownFileType = sourcecode.swift; path = FindFriendsTableViewCell.swift; sourceTree = "<group>"; };
		09EE39A72438237C00E5326B /* FriendsCollectionViewCell.swift */ = {isa = PBXFileReference; fileEncoding = 4; lastKnownFileType = sourcecode.swift; path = FriendsCollectionViewCell.swift; sourceTree = "<group>"; };
		841A924D24AB5178006DB312 /* NewsResponseNews.swift */ = {isa = PBXFileReference; lastKnownFileType = sourcecode.swift; path = NewsResponseNews.swift; sourceTree = "<group>"; };
		841A924F24AB5192006DB312 /* NewsItem.swift */ = {isa = PBXFileReference; lastKnownFileType = sourcecode.swift; path = NewsItem.swift; sourceTree = "<group>"; };
		841A925124AB51A6006DB312 /* NewsAttachment.swift */ = {isa = PBXFileReference; lastKnownFileType = sourcecode.swift; path = NewsAttachment.swift; sourceTree = "<group>"; };
		841A925324AB51B5006DB312 /* NewsLink.swift */ = {isa = PBXFileReference; lastKnownFileType = sourcecode.swift; path = NewsLink.swift; sourceTree = "<group>"; };
		841A925524AB51C3006DB312 /* NewsVideo.swift */ = {isa = PBXFileReference; lastKnownFileType = sourcecode.swift; path = NewsVideo.swift; sourceTree = "<group>"; };
		841A925724AB5314006DB312 /* NewsFirstFrame.swift */ = {isa = PBXFileReference; lastKnownFileType = sourcecode.swift; path = NewsFirstFrame.swift; sourceTree = "<group>"; };
		841A925924AB5320006DB312 /* NewsComments.swift */ = {isa = PBXFileReference; lastKnownFileType = sourcecode.swift; path = NewsComments.swift; sourceTree = "<group>"; };
		841A925B24AB5331006DB312 /* NewsLikesNews.swift */ = {isa = PBXFileReference; lastKnownFileType = sourcecode.swift; path = NewsLikesNews.swift; sourceTree = "<group>"; };
		841A925D24AB533E006DB312 /* NewsRepostsNews.swift */ = {isa = PBXFileReference; lastKnownFileType = sourcecode.swift; path = NewsRepostsNews.swift; sourceTree = "<group>"; };
		841A925F24AB534D006DB312 /* NewsViews.swift */ = {isa = PBXFileReference; lastKnownFileType = sourcecode.swift; path = NewsViews.swift; sourceTree = "<group>"; };
		841A926124AB535B006DB312 /* NewsOnlineInfo.swift */ = {isa = PBXFileReference; lastKnownFileType = sourcecode.swift; path = NewsOnlineInfo.swift; sourceTree = "<group>"; };
		841A926424ADDFB0006DB312 /* GroupList.swift */ = {isa = PBXFileReference; lastKnownFileType = sourcecode.swift; path = GroupList.swift; sourceTree = "<group>"; };
		841A926624ADE010006DB312 /* GroupResponse.swift */ = {isa = PBXFileReference; lastKnownFileType = sourcecode.swift; path = GroupResponse.swift; sourceTree = "<group>"; };
		841A926924AF1CBA006DB312 /* FriendResponse.swift */ = {isa = PBXFileReference; lastKnownFileType = sourcecode.swift; path = FriendResponse.swift; sourceTree = "<group>"; };
		841A926B24AF1CE3006DB312 /* FriendList.swift */ = {isa = PBXFileReference; lastKnownFileType = sourcecode.swift; path = FriendList.swift; sourceTree = "<group>"; };
		841A927624B74A9F006DB312 /* Sizes.swift */ = {isa = PBXFileReference; lastKnownFileType = sourcecode.swift; path = Sizes.swift; sourceTree = "<group>"; };
		841A927824B74AC2006DB312 /* PhotoList.swift */ = {isa = PBXFileReference; lastKnownFileType = sourcecode.swift; path = PhotoList.swift; sourceTree = "<group>"; };
		841A927A24B74B02006DB312 /* PhotoResponse.swift */ = {isa = PBXFileReference; lastKnownFileType = sourcecode.swift; path = PhotoResponse.swift; sourceTree = "<group>"; };
		8440DA7C24729A9200A72D9B /* PhotoItems.swift */ = {isa = PBXFileReference; lastKnownFileType = sourcecode.swift; path = PhotoItems.swift; sourceTree = "<group>"; };
		8440DA7E247D2E8E00A72D9B /* RealmRequestService.swift */ = {isa = PBXFileReference; lastKnownFileType = sourcecode.swift; path = RealmRequestService.swift; sourceTree = "<group>"; };
		845DAB5D246D6974003439FD /* LoginWKViewController.swift */ = {isa = PBXFileReference; lastKnownFileType = sourcecode.swift; path = LoginWKViewController.swift; sourceTree = "<group>"; };
		845DAB5F246D70D2003439FD /* Session.swift */ = {isa = PBXFileReference; lastKnownFileType = sourcecode.swift; path = Session.swift; sourceTree = "<group>"; };
		845DAB62246D74B7003439FD /* WebKit.framework */ = {isa = PBXFileReference; lastKnownFileType = wrapper.framework; name = WebKit.framework; path = System/Library/Frameworks/WebKit.framework; sourceTree = SDKROOT; };
		845DAB64246D7661003439FD /* VKRequestService.swift */ = {isa = PBXFileReference; lastKnownFileType = sourcecode.swift; path = VKRequestService.swift; sourceTree = "<group>"; };
		845DAB66246D78E4003439FD /* VKDataSelector.swift */ = {isa = PBXFileReference; lastKnownFileType = sourcecode.swift; path = VKDataSelector.swift; sourceTree = "<group>"; };
		8481EBF124A0DAA500ABC2C0 /* NewsTableViewController.swift */ = {isa = PBXFileReference; lastKnownFileType = sourcecode.swift; path = NewsTableViewController.swift; sourceTree = "<group>"; };
		8481EBF324A0DB4500ABC2C0 /* NewsItems.swift */ = {isa = PBXFileReference; lastKnownFileType = sourcecode.swift; path = NewsItems.swift; sourceTree = "<group>"; };
		8481EBF524A0E86500ABC2C0 /* DateFormatter.swift */ = {isa = PBXFileReference; lastKnownFileType = sourcecode.swift; path = DateFormatter.swift; sourceTree = "<group>"; };
		8481EBFE24A0F20200ABC2C0 /* ImageService.swift */ = {isa = PBXFileReference; lastKnownFileType = sourcecode.swift; path = ImageService.swift; sourceTree = "<group>"; };
		8481EC0024A0F44E00ABC2C0 /* LikeControl.swift */ = {isa = PBXFileReference; lastKnownFileType = sourcecode.swift; path = LikeControl.swift; sourceTree = "<group>"; };
		8481EC0324A4905900ABC2C0 /* VKNewsService.swift */ = {isa = PBXFileReference; lastKnownFileType = sourcecode.swift; path = VKNewsService.swift; sourceTree = "<group>"; };
		8481EC0B24BC93A000ABC2C0 /* NewsScreen.storyboard */ = {isa = PBXFileReference; fileEncoding = 4; lastKnownFileType = file.storyboard; path = NewsScreen.storyboard; sourceTree = "<group>"; };
		8481EC0E24BC94E100ABC2C0 /* AsyncOperation.swift */ = {isa = PBXFileReference; lastKnownFileType = sourcecode.swift; path = AsyncOperation.swift; sourceTree = "<group>"; };
		84962F6C2461F4DB007F1232 /* CustomSectionDesign.swift */ = {isa = PBXFileReference; fileEncoding = 4; lastKnownFileType = sourcecode.swift; path = CustomSectionDesign.swift; sourceTree = "<group>"; };
		B910C674E3B00F06541361DD /* Pods-notVK.debug.xcconfig */ = {isa = PBXFileReference; includeInIndex = 1; lastKnownFileType = text.xcconfig; name = "Pods-notVK.debug.xcconfig"; path = "Target Support Files/Pods-notVK/Pods-notVK.debug.xcconfig"; sourceTree = "<group>"; };
		E39DCB62CE468E7C040C1C66 /* Pods_notVK.framework */ = {isa = PBXFileReference; explicitFileType = wrapper.framework; includeInIndex = 0; path = Pods_notVK.framework; sourceTree = BUILT_PRODUCTS_DIR; };
/* End PBXFileReference section */

/* Begin PBXFrameworksBuildPhase section */
		09997FC32432B1E6003891DA /* Frameworks */ = {
			isa = PBXFrameworksBuildPhase;
			buildActionMask = 2147483647;
			files = (
				845DAB63246D74B7003439FD /* WebKit.framework in Frameworks */,
				6E319EC53F671C502DE4C221 /* Pods_notVK.framework in Frameworks */,
			);
			runOnlyForDeploymentPostprocessing = 0;
		};
/* End PBXFrameworksBuildPhase section */

/* Begin PBXGroup section */
		0912E365244CE34C001FEC20 /* Layouts */ = {
			isa = PBXGroup;
			children = (
				0912E366244CE36C001FEC20 /* FriendsPhotosLayouts.swift */,
			);
			path = Layouts;
			sourceTree = "<group>";
		};
		0944FF0D2435FC67001918FB /* Model */ = {
			isa = PBXGroup;
			children = (
				841A926824AF1C9B006DB312 /* Friend */,
				841A926324ADDF7F006DB312 /* Group */,
				841A924C24AB4FB6006DB312 /* News */,
				841A927524B74A6E006DB312 /* Photo */,
				845DAB5F246D70D2003439FD /* Session.swift */,
				845DAB66246D78E4003439FD /* VKDataSelector.swift */,
			);
			path = Model;
			sourceTree = "<group>";
		};
		0944FF142435FCFB001918FB /* Friends */ = {
			isa = PBXGroup;
			children = (
				09805C4E2441F9A800926BF9 /* FindFriendsTableViewController */,
				09805C4C2441F94500926BF9 /* FriendsColViewController */,
				09805C4D2441F97900926BF9 /* FriendsTableViewController */,
			);
			path = Friends;
			sourceTree = "<group>";
		};
		09805C452440638400926BF9 /* Login Screen */ = {
			isa = PBXGroup;
			children = (
				845DAB5D246D6974003439FD /* LoginWKViewController.swift */,
			);
			path = "Login Screen";
			sourceTree = "<group>";
		};
		09805C48244063F600926BF9 /* Groups */ = {
			isa = PBXGroup;
			children = (
				09805C4F2441FA6100926BF9 /* AllGroupsTableVC */,
				09805C502441FA6E00926BF9 /* GroupsTableVC */,
			);
			path = Groups;
			sourceTree = "<group>";
		};
		09805C4C2441F94500926BF9 /* FriendsColViewController */ = {
			isa = PBXGroup;
			children = (
				0944FF152436087A001918FB /* FriendsCollectionViewController.swift */,
			);
			path = FriendsColViewController;
			sourceTree = "<group>";
		};
		09805C4D2441F97900926BF9 /* FriendsTableViewController */ = {
			isa = PBXGroup;
			children = (
				09372F1E24337F31009388FA /* FriendsTableViewController.swift */,
			);
			path = FriendsTableViewController;
			sourceTree = "<group>";
		};
		09805C4E2441F9A800926BF9 /* FindFriendsTableViewController */ = {
			isa = PBXGroup;
			children = (
				09A879DC243A6CF900FF7C06 /* FindFriendsTableVC.swift */,
			);
			path = FindFriendsTableViewController;
			sourceTree = "<group>";
		};
		09805C4F2441FA6100926BF9 /* AllGroupsTableVC */ = {
			isa = PBXGroup;
			children = (
				0944FF0B2435F128001918FB /* AllGroupsTableVC.swift */,
			);
			path = AllGroupsTableVC;
			sourceTree = "<group>";
		};
		09805C502441FA6E00926BF9 /* GroupsTableVC */ = {
			isa = PBXGroup;
			children = (
				0944FF022435E4AE001918FB /* GroupsTableViewController.swift */,
			);
			path = GroupsTableVC;
			sourceTree = "<group>";
		};
		09997FBD2432B1E6003891DA = {
			isa = PBXGroup;
			children = (
				09997FC82432B1E6003891DA /* notVK */,
				09997FC72432B1E6003891DA /* Products */,
				845DAB61246D74B6003439FD /* Frameworks */,
				6BB7C02A77ECAD71B882AD5F /* Pods */,
			);
			sourceTree = "<group>";
		};
		09997FC72432B1E6003891DA /* Products */ = {
			isa = PBXGroup;
			children = (
				09997FC62432B1E6003891DA /* notVK.app */,
			);
			name = Products;
			sourceTree = "<group>";
		};
		09997FC82432B1E6003891DA /* notVK */ = {
			isa = PBXGroup;
			children = (
				84509F102461D55300E04BB3 /* Resources */,
				84509F0F2461D50F00E04BB3 /* Sources */,
				09997FDA2432B1ED003891DA /* Info.plist */,
				09997FD22432B1E6003891DA /* notVK.xcdatamodeld */,
			);
			path = notVK;
			sourceTree = "<group>";
		};
		09EDD034243967CF00B8DAF6 /* Delegates */ = {
			isa = PBXGroup;
			children = (
				09997FC92432B1E6003891DA /* AppDelegate.swift */,
				8440DA7E247D2E8E00A72D9B /* RealmRequestService.swift */,
				09997FCB2432B1E6003891DA /* SceneDelegate.swift */,
			);
			path = Delegates;
			sourceTree = "<group>";
		};
		09EE39A02438138000E5326B /* UI */ = {
			isa = PBXGroup;
			children = (
				84962F6C2461F4DB007F1232 /* CustomSectionDesign.swift */,
				09805C512442194B00926BF9 /* ImageRoundedShadowed.swift */,
				0924EF5824511032003EAB35 /* RotationAnimator.swift */,
				0924EF5A2451B5D2003EAB35 /* CustomSwipeCloseTrans.swift */,
			);
			path = UI;
			sourceTree = "<group>";
		};
		6BB7C02A77ECAD71B882AD5F /* Pods */ = {
			isa = PBXGroup;
			children = (
				B910C674E3B00F06541361DD /* Pods-notVK.debug.xcconfig */,
				050DCFCCAC3995B0BB58C50F /* Pods-notVK.release.xcconfig */,
			);
			path = Pods;
			sourceTree = "<group>";
		};
		841A924C24AB4FB6006DB312 /* News */ = {
			isa = PBXGroup;
			children = (
				841A925124AB51A6006DB312 /* NewsAttachment.swift */,
				841A925924AB5320006DB312 /* NewsComments.swift */,
				841A925724AB5314006DB312 /* NewsFirstFrame.swift */,
				841A924F24AB5192006DB312 /* NewsItem.swift */,
				8481EBF324A0DB4500ABC2C0 /* NewsItems.swift */,
				841A925B24AB5331006DB312 /* NewsLikesNews.swift */,
				841A925324AB51B5006DB312 /* NewsLink.swift */,
				841A926124AB535B006DB312 /* NewsOnlineInfo.swift */,
				841A925D24AB533E006DB312 /* NewsRepostsNews.swift */,
				841A924D24AB5178006DB312 /* NewsResponseNews.swift */,
				841A925524AB51C3006DB312 /* NewsVideo.swift */,
				841A925F24AB534D006DB312 /* NewsViews.swift */,
			);
			path = News;
			sourceTree = "<group>";
		};
		841A926324ADDF7F006DB312 /* Group */ = {
			isa = PBXGroup;
			children = (
				0944FF112435FC93001918FB /* GroupItem.swift */,
				841A926424ADDFB0006DB312 /* GroupList.swift */,
				841A926624ADE010006DB312 /* GroupResponse.swift */,
			);
			path = Group;
			sourceTree = "<group>";
		};
		841A926824AF1C9B006DB312 /* Friend */ = {
			isa = PBXGroup;
			children = (
				8481EC0624BC27E300ABC2C0 /* FriendObject */,
			);
			path = Friend;
			sourceTree = "<group>";
		};
		841A927524B74A6E006DB312 /* Photo */ = {
			isa = PBXGroup;
			children = (
				8440DA7C24729A9200A72D9B /* PhotoItems.swift */,
				841A927824B74AC2006DB312 /* PhotoList.swift */,
				841A927A24B74B02006DB312 /* PhotoResponse.swift */,
				841A927624B74A9F006DB312 /* Sizes.swift */,
			);
			path = Photo;
			sourceTree = "<group>";
		};
		84509F0F2461D50F00E04BB3 /* Sources */ = {
			isa = PBXGroup;
			children = (
				0944FF0D2435FC67001918FB /* Model */,
				84962F6E2461F856007F1232 /* View */,
				84962F6F2461F8BF007F1232 /* Controller */,
			);
			path = Sources;
			sourceTree = "<group>";
		};
		84509F102461D55300E04BB3 /* Resources */ = {
			isa = PBXGroup;
			children = (
				09997FD52432B1ED003891DA /* Assets.xcassets */,
				09805C4A2441F4D500926BF9 /* Friends.storyboard */,
				09805C46244063E300926BF9 /* Groups.storyboard */,
				09997FD72432B1ED003891DA /* LaunchScreen.storyboard */,
				09805C422440631700926BF9 /* Main.storyboard */,
				09997FCF2432B1E6003891DA /* MainScreen.storyboard */,
				8481EC0B24BC93A000ABC2C0 /* NewsScreen.storyboard */,
			);
			path = Resources;
			sourceTree = "<group>";
		};
		845DAB61246D74B6003439FD /* Frameworks */ = {
			isa = PBXGroup;
			children = (
				845DAB62246D74B7003439FD /* WebKit.framework */,
				E39DCB62CE468E7C040C1C66 /* Pods_notVK.framework */,
			);
			name = Frameworks;
			sourceTree = "<group>";
		};
		8468468F24A0CED300E8384F /* News */ = {
			isa = PBXGroup;
			children = (
				8481EBF124A0DAA500ABC2C0 /* NewsTableViewController.swift */,
			);
			path = News;
			sourceTree = "<group>";
		};
		8481EBF924A0EF9C00ABC2C0 /* News */ = {
			isa = PBXGroup;
			children = (
			);
			path = News;
			sourceTree = "<group>";
		};
		8481EC0224A48FF800ABC2C0 /* Services */ = {
			isa = PBXGroup;
			children = (
				8481EBF524A0E86500ABC2C0 /* DateFormatter.swift */,
				8481EBFE24A0F20200ABC2C0 /* ImageService.swift */,
				8481EC0024A0F44E00ABC2C0 /* LikeControl.swift */,
				8481EC0324A4905900ABC2C0 /* VKNewsService.swift */,
				845DAB64246D7661003439FD /* VKRequestService.swift */,
			);
			path = Services;
			sourceTree = "<group>";
		};
		8481EC0624BC27E300ABC2C0 /* FriendObject */ = {
			isa = PBXGroup;
			children = (
				094D5383244498D500387523 /* FriendItem.swift */,
				841A926B24AF1CE3006DB312 /* FriendList.swift */,
				841A926924AF1CBA006DB312 /* FriendResponse.swift */,
			);
			path = FriendObject;
			sourceTree = "<group>";
		};
		8481EC0D24BC94B900ABC2C0 /* OperationsSharedClasses */ = {
			isa = PBXGroup;
			children = (
				8481EC0E24BC94E100ABC2C0 /* AsyncOperation.swift */,
			);
			path = OperationsSharedClasses;
			sourceTree = "<group>";
		};
		84962F6E2461F856007F1232 /* View */ = {
			isa = PBXGroup;
			children = (
				0944FF092435F0FE001918FB /* AllGroupsTableViewCell.swift */,
				09A879DE243A76FC00FF7C06 /* FindFriendsTableViewCell.swift */,
				09EE39A72438237C00E5326B /* FriendsCollectionViewCell.swift */,
				09A7D56824363098003B3881 /* FriendsTableViewCell.swift */,
				0944FF042435EA2C001918FB /* GroupsViewCell.swift */,
				0912E365244CE34C001FEC20 /* Layouts */,
				8481EBF924A0EF9C00ABC2C0 /* News */,
				09EE39A02438138000E5326B /* UI */,
			);
			path = View;
			sourceTree = "<group>";
		};
		84962F6F2461F8BF007F1232 /* Controller */ = {
			isa = PBXGroup;
			children = (
				8481EC0D24BC94B900ABC2C0 /* OperationsSharedClasses */,
				09EDD034243967CF00B8DAF6 /* Delegates */,
				0944FF142435FCFB001918FB /* Friends */,
				09805C48244063F600926BF9 /* Groups */,
				09805C452440638400926BF9 /* Login Screen */,
				8468468F24A0CED300E8384F /* News */,
				8481EC0224A48FF800ABC2C0 /* Services */,
			);
			path = Controller;
			sourceTree = "<group>";
		};
/* End PBXGroup section */

/* Begin PBXNativeTarget section */
		09997FC52432B1E6003891DA /* notVK */ = {
			isa = PBXNativeTarget;
			buildConfigurationList = 09997FDD2432B1ED003891DA /* Build configuration list for PBXNativeTarget "notVK" */;
			buildPhases = (
				350A5E348CF8ABBB50CFAAF5 /* [CP] Check Pods Manifest.lock */,
				09997FC22432B1E6003891DA /* Sources */,
				09997FC32432B1E6003891DA /* Frameworks */,
				09997FC42432B1E6003891DA /* Resources */,
				F43FE4A86A41615CB531D42D /* [CP] Embed Pods Frameworks */,
			);
			buildRules = (
			);
			dependencies = (
			);
			name = notVK;
			productName = notVK;
			productReference = 09997FC62432B1E6003891DA /* notVK.app */;
			productType = "com.apple.product-type.application";
		};
/* End PBXNativeTarget section */

/* Begin PBXProject section */
		09997FBE2432B1E6003891DA /* Project object */ = {
			isa = PBXProject;
			attributes = {
				LastSwiftUpdateCheck = 1140;
				LastUpgradeCheck = 1140;
				ORGANIZATIONNAME = DrewMyScreen;
				TargetAttributes = {
					09997FC52432B1E6003891DA = {
						CreatedOnToolsVersion = 11.4;
					};
				};
			};
			buildConfigurationList = 09997FC12432B1E6003891DA /* Build configuration list for PBXProject "notVK" */;
			compatibilityVersion = "Xcode 9.3";
			developmentRegion = en;
			hasScannedForEncodings = 0;
			knownRegions = (
				en,
				Base,
			);
			mainGroup = 09997FBD2432B1E6003891DA;
			productRefGroup = 09997FC72432B1E6003891DA /* Products */;
			projectDirPath = "";
			projectRoot = "";
			targets = (
				09997FC52432B1E6003891DA /* notVK */,
			);
		};
/* End PBXProject section */

/* Begin PBXResourcesBuildPhase section */
		09997FC42432B1E6003891DA /* Resources */ = {
			isa = PBXResourcesBuildPhase;
			buildActionMask = 2147483647;
			files = (
				8481EC0C24BC93A000ABC2C0 /* NewsScreen.storyboard in Resources */,
				09805C4B2441F4D500926BF9 /* Friends.storyboard in Resources */,
				09805C47244063E300926BF9 /* Groups.storyboard in Resources */,
				09997FD92432B1ED003891DA /* LaunchScreen.storyboard in Resources */,
				09997FD62432B1ED003891DA /* Assets.xcassets in Resources */,
				09805C442440631700926BF9 /* Main.storyboard in Resources */,
				09997FD12432B1E6003891DA /* MainScreen.storyboard in Resources */,
			);
			runOnlyForDeploymentPostprocessing = 0;
		};
/* End PBXResourcesBuildPhase section */

/* Begin PBXShellScriptBuildPhase section */
		350A5E348CF8ABBB50CFAAF5 /* [CP] Check Pods Manifest.lock */ = {
			isa = PBXShellScriptBuildPhase;
			buildActionMask = 2147483647;
			files = (
			);
			inputFileListPaths = (
			);
			inputPaths = (
				"${PODS_PODFILE_DIR_PATH}/Podfile.lock",
				"${PODS_ROOT}/Manifest.lock",
			);
			name = "[CP] Check Pods Manifest.lock";
			outputFileListPaths = (
			);
			outputPaths = (
				"$(DERIVED_FILE_DIR)/Pods-notVK-checkManifestLockResult.txt",
			);
			runOnlyForDeploymentPostprocessing = 0;
			shellPath = /bin/sh;
			shellScript = "diff \"${PODS_PODFILE_DIR_PATH}/Podfile.lock\" \"${PODS_ROOT}/Manifest.lock\" > /dev/null\nif [ $? != 0 ] ; then\n    # print error to STDERR\n    echo \"error: The sandbox is not in sync with the Podfile.lock. Run 'pod install' or update your CocoaPods installation.\" >&2\n    exit 1\nfi\n# This output is used by Xcode 'outputs' to avoid re-running this script phase.\necho \"SUCCESS\" > \"${SCRIPT_OUTPUT_FILE_0}\"\n";
			showEnvVarsInLog = 0;
		};
		F43FE4A86A41615CB531D42D /* [CP] Embed Pods Frameworks */ = {
			isa = PBXShellScriptBuildPhase;
			buildActionMask = 2147483647;
			files = (
			);
			inputFileListPaths = (
				"${PODS_ROOT}/Target Support Files/Pods-notVK/Pods-notVK-frameworks-${CONFIGURATION}-input-files.xcfilelist",
			);
			name = "[CP] Embed Pods Frameworks";
			outputFileListPaths = (
				"${PODS_ROOT}/Target Support Files/Pods-notVK/Pods-notVK-frameworks-${CONFIGURATION}-output-files.xcfilelist",
			);
			runOnlyForDeploymentPostprocessing = 0;
			shellPath = /bin/sh;
			shellScript = "\"${PODS_ROOT}/Target Support Files/Pods-notVK/Pods-notVK-frameworks.sh\"\n";
			showEnvVarsInLog = 0;
		};
/* End PBXShellScriptBuildPhase section */

/* Begin PBXSourcesBuildPhase section */
		09997FC22432B1E6003891DA /* Sources */ = {
			isa = PBXSourcesBuildPhase;
			buildActionMask = 2147483647;
			files = (
				841A925824AB5314006DB312 /* NewsFirstFrame.swift in Sources */,
				0944FF122435FC93001918FB /* GroupItem.swift in Sources */,
				841A925024AB5192006DB312 /* NewsItem.swift in Sources */,
				845DAB60246D70D2003439FD /* Session.swift in Sources */,
				0924EF5B2451B5D2003EAB35 /* CustomSwipeCloseTrans.swift in Sources */,
				841A926224AB535B006DB312 /* NewsOnlineInfo.swift in Sources */,
				841A925624AB51C3006DB312 /* NewsVideo.swift in Sources */,
				841A925E24AB533E006DB312 /* NewsRepostsNews.swift in Sources */,
				841A926724ADE010006DB312 /* GroupResponse.swift in Sources */,
				09997FD42432B1E6003891DA /* notVK.xcdatamodeld in Sources */,
				841A926C24AF1CE3006DB312 /* FriendList.swift in Sources */,
				845DAB65246D7661003439FD /* VKRequestService.swift in Sources */,
				8481EBF424A0DB4500ABC2C0 /* NewsItems.swift in Sources */,
				8481EC0F24BC94E100ABC2C0 /* AsyncOperation.swift in Sources */,
				09A879DF243A76FC00FF7C06 /* FindFriendsTableViewCell.swift in Sources */,
				09EE39A82438237D00E5326B /* FriendsCollectionViewCell.swift in Sources */,
				09A879DD243A6CF900FF7C06 /* FindFriendsTableVC.swift in Sources */,
				8481EBF224A0DAA500ABC2C0 /* NewsTableViewController.swift in Sources */,
				8481EBFF24A0F20200ABC2C0 /* ImageService.swift in Sources */,
				841A925A24AB5320006DB312 /* NewsComments.swift in Sources */,
				841A926024AB534D006DB312 /* NewsViews.swift in Sources */,
				8440DA7F247D2E8E00A72D9B /* RealmRequestService.swift in Sources */,
				841A925424AB51B5006DB312 /* NewsLink.swift in Sources */,
				841A925224AB51A6006DB312 /* NewsAttachment.swift in Sources */,
				094D5384244498D500387523 /* FriendItem.swift in Sources */,
				09A7D56924363098003B3881 /* FriendsTableViewCell.swift in Sources */,
				841A926A24AF1CBA006DB312 /* FriendResponse.swift in Sources */,
				84962F6D2461F4DB007F1232 /* CustomSectionDesign.swift in Sources */,
				09997FCA2432B1E6003891DA /* AppDelegate.swift in Sources */,
				841A927724B74A9F006DB312 /* Sizes.swift in Sources */,
				8440DA7D24729A9200A72D9B /* PhotoItems.swift in Sources */,
				8481EC0424A4905900ABC2C0 /* VKNewsService.swift in Sources */,
				09997FCC2432B1E6003891DA /* SceneDelegate.swift in Sources */,
				8481EC0124A0F44E00ABC2C0 /* LikeControl.swift in Sources */,
				841A925C24AB5331006DB312 /* NewsLikesNews.swift in Sources */,
				09372F1F24337F31009388FA /* FriendsTableViewController.swift in Sources */,
				0924EF5924511032003EAB35 /* RotationAnimator.swift in Sources */,
				0944FF162436087A001918FB /* FriendsCollectionViewController.swift in Sources */,
				8481EBF624A0E86500ABC2C0 /* DateFormatter.swift in Sources */,
				845DAB5E246D6974003439FD /* LoginWKViewController.swift in Sources */,
				0944FF0C2435F128001918FB /* AllGroupsTableVC.swift in Sources */,
				841A924E24AB5178006DB312 /* NewsResponseNews.swift in Sources */,
				0912E367244CE36C001FEC20 /* FriendsPhotosLayouts.swift in Sources */,
				841A926524ADDFB0006DB312 /* GroupList.swift in Sources */,
				0944FF052435EA2C001918FB /* GroupsViewCell.swift in Sources */,
				841A927B24B74B02006DB312 /* PhotoResponse.swift in Sources */,
				841A927924B74AC2006DB312 /* PhotoList.swift in Sources */,
				09805C522442194B00926BF9 /* ImageRoundedShadowed.swift in Sources */,
				0944FF032435E4AE001918FB /* GroupsTableViewController.swift in Sources */,
				845DAB67246D78E4003439FD /* VKDataSelector.swift in Sources */,
				0944FF0A2435F0FE001918FB /* AllGroupsTableViewCell.swift in Sources */,
			);
			runOnlyForDeploymentPostprocessing = 0;
		};
/* End PBXSourcesBuildPhase section */

/* Begin PBXVariantGroup section */
		09805C422440631700926BF9 /* Main.storyboard */ = {
			isa = PBXVariantGroup;
			children = (
				09805C432440631700926BF9 /* Base */,
			);
			name = Main.storyboard;
			sourceTree = "<group>";
		};
		09997FCF2432B1E6003891DA /* MainScreen.storyboard */ = {
			isa = PBXVariantGroup;
			children = (
				09997FD02432B1E6003891DA /* Base */,
			);
			name = MainScreen.storyboard;
			sourceTree = "<group>";
		};
		09997FD72432B1ED003891DA /* LaunchScreen.storyboard */ = {
			isa = PBXVariantGroup;
			children = (
				09997FD82432B1ED003891DA /* Base */,
			);
			name = LaunchScreen.storyboard;
			sourceTree = "<group>";
		};
/* End PBXVariantGroup section */

/* Begin XCBuildConfiguration section */
		09997FDB2432B1ED003891DA /* Debug */ = {
			isa = XCBuildConfiguration;
			buildSettings = {
				ALWAYS_SEARCH_USER_PATHS = NO;
				CLANG_ANALYZER_NONNULL = YES;
				CLANG_ANALYZER_NUMBER_OBJECT_CONVERSION = YES_AGGRESSIVE;
				CLANG_CXX_LANGUAGE_STANDARD = "gnu++14";
				CLANG_CXX_LIBRARY = "libc++";
				CLANG_ENABLE_MODULES = YES;
				CLANG_ENABLE_OBJC_ARC = YES;
				CLANG_ENABLE_OBJC_WEAK = YES;
				CLANG_WARN_BLOCK_CAPTURE_AUTORELEASING = YES;
				CLANG_WARN_BOOL_CONVERSION = YES;
				CLANG_WARN_COMMA = YES;
				CLANG_WARN_CONSTANT_CONVERSION = YES;
				CLANG_WARN_DEPRECATED_OBJC_IMPLEMENTATIONS = YES;
				CLANG_WARN_DIRECT_OBJC_ISA_USAGE = YES_ERROR;
				CLANG_WARN_DOCUMENTATION_COMMENTS = YES;
				CLANG_WARN_EMPTY_BODY = YES;
				CLANG_WARN_ENUM_CONVERSION = YES;
				CLANG_WARN_INFINITE_RECURSION = YES;
				CLANG_WARN_INT_CONVERSION = YES;
				CLANG_WARN_NON_LITERAL_NULL_CONVERSION = YES;
				CLANG_WARN_OBJC_IMPLICIT_RETAIN_SELF = YES;
				CLANG_WARN_OBJC_LITERAL_CONVERSION = YES;
				CLANG_WARN_OBJC_ROOT_CLASS = YES_ERROR;
				CLANG_WARN_RANGE_LOOP_ANALYSIS = YES;
				CLANG_WARN_STRICT_PROTOTYPES = YES;
				CLANG_WARN_SUSPICIOUS_MOVE = YES;
				CLANG_WARN_UNGUARDED_AVAILABILITY = YES_AGGRESSIVE;
				CLANG_WARN_UNREACHABLE_CODE = YES;
				CLANG_WARN__DUPLICATE_METHOD_MATCH = YES;
				COPY_PHASE_STRIP = NO;
				DEBUG_INFORMATION_FORMAT = dwarf;
				ENABLE_STRICT_OBJC_MSGSEND = YES;
				ENABLE_TESTABILITY = YES;
				GCC_C_LANGUAGE_STANDARD = gnu11;
				GCC_DYNAMIC_NO_PIC = NO;
				GCC_NO_COMMON_BLOCKS = YES;
				GCC_OPTIMIZATION_LEVEL = 0;
				GCC_PREPROCESSOR_DEFINITIONS = (
					"DEBUG=1",
					"$(inherited)",
				);
				GCC_WARN_64_TO_32_BIT_CONVERSION = YES;
				GCC_WARN_ABOUT_RETURN_TYPE = YES_ERROR;
				GCC_WARN_UNDECLARED_SELECTOR = YES;
				GCC_WARN_UNINITIALIZED_AUTOS = YES_AGGRESSIVE;
				GCC_WARN_UNUSED_FUNCTION = YES;
				GCC_WARN_UNUSED_VARIABLE = YES;
				IPHONEOS_DEPLOYMENT_TARGET = 13.3;
				MTL_ENABLE_DEBUG_INFO = INCLUDE_SOURCE;
				MTL_FAST_MATH = YES;
				ONLY_ACTIVE_ARCH = YES;
				SDKROOT = iphoneos;
				SWIFT_ACTIVE_COMPILATION_CONDITIONS = DEBUG;
				SWIFT_OPTIMIZATION_LEVEL = "-Onone";
			};
			name = Debug;
		};
		09997FDC2432B1ED003891DA /* Release */ = {
			isa = XCBuildConfiguration;
			buildSettings = {
				ALWAYS_SEARCH_USER_PATHS = NO;
				CLANG_ANALYZER_NONNULL = YES;
				CLANG_ANALYZER_NUMBER_OBJECT_CONVERSION = YES_AGGRESSIVE;
				CLANG_CXX_LANGUAGE_STANDARD = "gnu++14";
				CLANG_CXX_LIBRARY = "libc++";
				CLANG_ENABLE_MODULES = YES;
				CLANG_ENABLE_OBJC_ARC = YES;
				CLANG_ENABLE_OBJC_WEAK = YES;
				CLANG_WARN_BLOCK_CAPTURE_AUTORELEASING = YES;
				CLANG_WARN_BOOL_CONVERSION = YES;
				CLANG_WARN_COMMA = YES;
				CLANG_WARN_CONSTANT_CONVERSION = YES;
				CLANG_WARN_DEPRECATED_OBJC_IMPLEMENTATIONS = YES;
				CLANG_WARN_DIRECT_OBJC_ISA_USAGE = YES_ERROR;
				CLANG_WARN_DOCUMENTATION_COMMENTS = YES;
				CLANG_WARN_EMPTY_BODY = YES;
				CLANG_WARN_ENUM_CONVERSION = YES;
				CLANG_WARN_INFINITE_RECURSION = YES;
				CLANG_WARN_INT_CONVERSION = YES;
				CLANG_WARN_NON_LITERAL_NULL_CONVERSION = YES;
				CLANG_WARN_OBJC_IMPLICIT_RETAIN_SELF = YES;
				CLANG_WARN_OBJC_LITERAL_CONVERSION = YES;
				CLANG_WARN_OBJC_ROOT_CLASS = YES_ERROR;
				CLANG_WARN_RANGE_LOOP_ANALYSIS = YES;
				CLANG_WARN_STRICT_PROTOTYPES = YES;
				CLANG_WARN_SUSPICIOUS_MOVE = YES;
				CLANG_WARN_UNGUARDED_AVAILABILITY = YES_AGGRESSIVE;
				CLANG_WARN_UNREACHABLE_CODE = YES;
				CLANG_WARN__DUPLICATE_METHOD_MATCH = YES;
				COPY_PHASE_STRIP = NO;
				DEBUG_INFORMATION_FORMAT = "dwarf-with-dsym";
				ENABLE_NS_ASSERTIONS = NO;
				ENABLE_STRICT_OBJC_MSGSEND = YES;
				GCC_C_LANGUAGE_STANDARD = gnu11;
				GCC_NO_COMMON_BLOCKS = YES;
				GCC_WARN_64_TO_32_BIT_CONVERSION = YES;
				GCC_WARN_ABOUT_RETURN_TYPE = YES_ERROR;
				GCC_WARN_UNDECLARED_SELECTOR = YES;
				GCC_WARN_UNINITIALIZED_AUTOS = YES_AGGRESSIVE;
				GCC_WARN_UNUSED_FUNCTION = YES;
				GCC_WARN_UNUSED_VARIABLE = YES;
				IPHONEOS_DEPLOYMENT_TARGET = 13.3;
				MTL_ENABLE_DEBUG_INFO = NO;
				MTL_FAST_MATH = YES;
				SDKROOT = iphoneos;
				SWIFT_COMPILATION_MODE = wholemodule;
				SWIFT_OPTIMIZATION_LEVEL = "-O";
				VALIDATE_PRODUCT = YES;
			};
			name = Release;
		};
		09997FDE2432B1ED003891DA /* Debug */ = {
			isa = XCBuildConfiguration;
			baseConfigurationReference = B910C674E3B00F06541361DD /* Pods-notVK.debug.xcconfig */;
			buildSettings = {
				ASSETCATALOG_COMPILER_APPICON_NAME = AppIcon;
				CODE_SIGN_STYLE = Automatic;
				CURRENT_PROJECT_VERSION = 2;
				DEVELOPMENT_TEAM = 887Q4TV9NU;
				INFOPLIST_FILE = notVK/Info.plist;
				LD_RUNPATH_SEARCH_PATHS = (
					"$(inherited)",
					"@executable_path/Frameworks",
				);
				MARKETING_VERSION = 0.2;
				PRODUCT_BUNDLE_IDENTIFIER = com.DrewMyScreen.notVK;
				PRODUCT_NAME = "$(TARGET_NAME)";
				SWIFT_VERSION = 5.0;
				TARGETED_DEVICE_FAMILY = "1,2";
			};
			name = Debug;
		};
		09997FDF2432B1ED003891DA /* Release */ = {
			isa = XCBuildConfiguration;
			baseConfigurationReference = 050DCFCCAC3995B0BB58C50F /* Pods-notVK.release.xcconfig */;
			buildSettings = {
				ASSETCATALOG_COMPILER_APPICON_NAME = AppIcon;
				CODE_SIGN_STYLE = Automatic;
				CURRENT_PROJECT_VERSION = 2;
				DEVELOPMENT_TEAM = 887Q4TV9NU;
				INFOPLIST_FILE = notVK/Info.plist;
				LD_RUNPATH_SEARCH_PATHS = (
					"$(inherited)",
					"@executable_path/Frameworks",
				);
				MARKETING_VERSION = 0.2;
				PRODUCT_BUNDLE_IDENTIFIER = com.DrewMyScreen.notVK;
				PRODUCT_NAME = "$(TARGET_NAME)";
				SWIFT_VERSION = 5.0;
				TARGETED_DEVICE_FAMILY = "1,2";
			};
			name = Release;
		};
/* End XCBuildConfiguration section */

/* Begin XCConfigurationList section */
		09997FC12432B1E6003891DA /* Build configuration list for PBXProject "notVK" */ = {
			isa = XCConfigurationList;
			buildConfigurations = (
				09997FDB2432B1ED003891DA /* Debug */,
				09997FDC2432B1ED003891DA /* Release */,
			);
			defaultConfigurationIsVisible = 0;
			defaultConfigurationName = Release;
		};
		09997FDD2432B1ED003891DA /* Build configuration list for PBXNativeTarget "notVK" */ = {
			isa = XCConfigurationList;
			buildConfigurations = (
				09997FDE2432B1ED003891DA /* Debug */,
				09997FDF2432B1ED003891DA /* Release */,
			);
			defaultConfigurationIsVisible = 0;
			defaultConfigurationName = Release;
		};
/* End XCConfigurationList section */

/* Begin XCVersionGroup section */
		09997FD22432B1E6003891DA /* notVK.xcdatamodeld */ = {
			isa = XCVersionGroup;
			children = (
				09997FD32432B1E6003891DA /* notVK.xcdatamodel */,
			);
			currentVersion = 09997FD32432B1E6003891DA /* notVK.xcdatamodel */;
			path = notVK.xcdatamodeld;
			sourceTree = "<group>";
			versionGroupType = wrapper.xcdatamodel;
		};
/* End XCVersionGroup section */
	};
	rootObject = 09997FBE2432B1E6003891DA /* Project object */;
}
